
Microsoft Visual Studio Solution File, Format Version 12.00
# Visual Studio Version 16
VisualStudioVersion = 16.0.33927.289
MinimumVisualStudioVersion = 10.0.40219.1
Project("{2150E333-8FDC-42A3-9474-1A3956D46DE8}") = "Task0", "Task0", "{42C5803C-3146-4A41-996C-4EFD54A609C1}"
EndProject
Project("{FAE04EC0-301F-11D3-BF4B-00C04F79EFBC}") = "Tyuiu.TolmachevVV.CS.Sprint1.Task0", "Tyuiu.TolmachevVV.CS.Sprint1.Task0\Tyuiu.TolmachevVV.CS.Sprint1.Task0.csproj", "{9722E215-3757-492B-967A-43520AC3D227}"
EndProject
Project("{FAE04EC0-301F-11D3-BF4B-00C04F79EFBC}") = "Tyuiu.TolmachevVV.CS.Sprint1.Task0.Lib", "Tyuiu.TolmachevVV.CS.Sprint1.Task0.Lib\Tyuiu.TolmachevVV.CS.Sprint1.Task0.Lib.csproj", "{2A48392E-3622-498C-94E5-98CD0A7C6136}"
EndProject
Project("{FAE04EC0-301F-11D3-BF4B-00C04F79EFBC}") = "Tyuiu.TolmachevVV.CS.Sprint1.Task0.Test", "Tyuiu.TolmachevVV.CS.Sprint1.Task0.Test\Tyuiu.TolmachevVV.CS.Sprint1.Task0.Test.csproj", "{DBD62301-C710-4D77-98D4-D58251109DD7}"
EndProject
Project("{2150E333-8FDC-42A3-9474-1A3956D46DE8}") = "Task1", "Task1", "{4E21D4A2-7F06-4381-B70E-96906B11A393}"
EndProject
Project("{FAE04EC0-301F-11D3-BF4B-00C04F79EFBC}") = "Tyuiu.TolmachevVV.CS.Sprint1.Task1", "Tyuiu.TolmachevVV.CS.Sprint1.Task1\Tyuiu.TolmachevVV.CS.Sprint1.Task1.csproj", "{B8CE1477-BAA1-4A08-8A47-D8AE7EBF50A1}"
EndProject
Project("{FAE04EC0-301F-11D3-BF4B-00C04F79EFBC}") = "Tyuiu.TolmachevVV.CS.Sprint1.Task1.Lib", "Tyuiu.TolmachevVV.CS.Sprint1.Task1.Lib\Tyuiu.TolmachevVV.CS.Sprint1.Task1.Lib.csproj", "{5B3B43AA-A0D3-4004-81CC-DBE79A1EA73D}"
EndProject
Project("{FAE04EC0-301F-11D3-BF4B-00C04F79EFBC}") = "Tyuiu.TolmachevVV.CS.Sprint1.Task1.Test", "Tyuiu.TolmachevVV.CS.Sprint1.Task1.Test\Tyuiu.TolmachevVV.CS.Sprint1.Task1.Test.csproj", "{7C4270FF-369E-468B-AC73-39081C5DC627}"
EndProject
Project("{2150E333-8FDC-42A3-9474-1A3956D46DE8}") = "Task2", "Task2", "{2D87BDD9-27C0-410C-9A86-F2D061A1E4B4}"
EndProject
Project("{FAE04EC0-301F-11D3-BF4B-00C04F79EFBC}") = "Tyuiu.TolmachevVV.CS.Sprint1.Task2.V14", "Tyuiu.TolmachevVV.CS.Sprint1.Task2.V14\Tyuiu.TolmachevVV.CS.Sprint1.Task2.V14.csproj", "{E47F50BA-ACB1-4D03-A6C0-874CE1633F40}"
EndProject
Project("{FAE04EC0-301F-11D3-BF4B-00C04F79EFBC}") = "Tyuiu.TolmachevVV.CS.Sprint1.Task2.V14.Lib", "Tyuiu.TolmachevVV.CS.Sprint1.Task2.V14.Lib\Tyuiu.TolmachevVV.CS.Sprint1.Task2.V14.Lib.csproj", "{F03EC689-90D2-4DFF-8B51-85DCC95E11DF}"
EndProject
Project("{FAE04EC0-301F-11D3-BF4B-00C04F79EFBC}") = "Tyuiu.TolmachevVV.CS.Sprint1.Task2.V14.Test", "Tyuiu.TolmachevVV.CS.Sprint1.Task2.V14.Test\Tyuiu.TolmachevVV.CS.Sprint1.Task2.V14.Test.csproj", "{8D986CF8-5D67-42C3-84CE-2297AC1F6B92}"
EndProject
Project("{2150E333-8FDC-42A3-9474-1A3956D46DE8}") = "Task3", "Task3", "{16E885CE-30FB-40F4-94C3-F05BB056D9F2}"
EndProject
Project("{FAE04EC0-301F-11D3-BF4B-00C04F79EFBC}") = "Tyuiu.TolmachevVV.CS.Sprint1.Task3.V5", "Tyuiu.TolmachevVV.CS.Sprint1.Task3.V5\Tyuiu.TolmachevVV.CS.Sprint1.Task3.V5.csproj", "{72BA776A-2DF0-4999-8645-EA4A9CE3D07E}"
EndProject
Project("{FAE04EC0-301F-11D3-BF4B-00C04F79EFBC}") = "Tyuiu.TolmachevVV.CS.Sprint1.Task3.V5.Lib", "Tyuiu.TolmachevVV.CS.Sprint1.Task3.V5.Lib\Tyuiu.TolmachevVV.CS.Sprint1.Task3.V5.Lib.csproj", "{E5E1E761-F47A-42AD-B4F0-E4BA40FBF645}"
EndProject
Project("{FAE04EC0-301F-11D3-BF4B-00C04F79EFBC}") = "Tyuiu.TolmachevVV.CS.Sprint1.Task3.V5.Test", "Tyuiu.TolmachevVV.CS.Sprint1.Task3.V5.Test\Tyuiu.TolmachevVV.CS.Sprint1.Task3.V5.Test.csproj", "{53AA30A6-FD9E-4631-B40B-93D8A5436B71}"
EndProject
Global
	GlobalSection(SolutionConfigurationPlatforms) = preSolution
		Debug|Any CPU = Debug|Any CPU
		Release|Any CPU = Release|Any CPU
	EndGlobalSection
	GlobalSection(ProjectConfigurationPlatforms) = postSolution
		{9722E215-3757-492B-967A-43520AC3D227}.Debug|Any CPU.ActiveCfg = Debug|Any CPU
		{9722E215-3757-492B-967A-43520AC3D227}.Debug|Any CPU.Build.0 = Debug|Any CPU
		{9722E215-3757-492B-967A-43520AC3D227}.Release|Any CPU.ActiveCfg = Release|Any CPU
		{9722E215-3757-492B-967A-43520AC3D227}.Release|Any CPU.Build.0 = Release|Any CPU
		{2A48392E-3622-498C-94E5-98CD0A7C6136}.Debug|Any CPU.ActiveCfg = Debug|Any CPU
		{2A48392E-3622-498C-94E5-98CD0A7C6136}.Debug|Any CPU.Build.0 = Debug|Any CPU
		{2A48392E-3622-498C-94E5-98CD0A7C6136}.Release|Any CPU.ActiveCfg = Release|Any CPU
		{2A48392E-3622-498C-94E5-98CD0A7C6136}.Release|Any CPU.Build.0 = Release|Any CPU
		{DBD62301-C710-4D77-98D4-D58251109DD7}.Debug|Any CPU.ActiveCfg = Debug|Any CPU
		{DBD62301-C710-4D77-98D4-D58251109DD7}.Debug|Any CPU.Build.0 = Debug|Any CPU
		{DBD62301-C710-4D77-98D4-D58251109DD7}.Release|Any CPU.ActiveCfg = Release|Any CPU
		{DBD62301-C710-4D77-98D4-D58251109DD7}.Release|Any CPU.Build.0 = Release|Any CPU
		{B8CE1477-BAA1-4A08-8A47-D8AE7EBF50A1}.Debug|Any CPU.ActiveCfg = Debug|Any CPU
		{B8CE1477-BAA1-4A08-8A47-D8AE7EBF50A1}.Debug|Any CPU.Build.0 = Debug|Any CPU
		{B8CE1477-BAA1-4A08-8A47-D8AE7EBF50A1}.Release|Any CPU.ActiveCfg = Release|Any CPU
		{B8CE1477-BAA1-4A08-8A47-D8AE7EBF50A1}.Release|Any CPU.Build.0 = Release|Any CPU
		{5B3B43AA-A0D3-4004-81CC-DBE79A1EA73D}.Debug|Any CPU.ActiveCfg = Debug|Any CPU
		{5B3B43AA-A0D3-4004-81CC-DBE79A1EA73D}.Debug|Any CPU.Build.0 = Debug|Any CPU
		{5B3B43AA-A0D3-4004-81CC-DBE79A1EA73D}.Release|Any CPU.ActiveCfg = Release|Any CPU
		{5B3B43AA-A0D3-4004-81CC-DBE79A1EA73D}.Release|Any CPU.Build.0 = Release|Any CPU
		{7C4270FF-369E-468B-AC73-39081C5DC627}.Debug|Any CPU.ActiveCfg = Debug|Any CPU
		{7C4270FF-369E-468B-AC73-39081C5DC627}.Debug|Any CPU.Build.0 = Debug|Any CPU
		{7C4270FF-369E-468B-AC73-39081C5DC627}.Release|Any CPU.ActiveCfg = Release|Any CPU
		{7C4270FF-369E-468B-AC73-39081C5DC627}.Release|Any CPU.Build.0 = Release|Any CPU
		{E47F50BA-ACB1-4D03-A6C0-874CE1633F40}.Debug|Any CPU.ActiveCfg = Debug|Any CPU
		{E47F50BA-ACB1-4D03-A6C0-874CE1633F40}.Debug|Any CPU.Build.0 = Debug|Any CPU
		{E47F50BA-ACB1-4D03-A6C0-874CE1633F40}.Release|Any CPU.ActiveCfg = Release|Any CPU
		{E47F50BA-ACB1-4D03-A6C0-874CE1633F40}.Release|Any CPU.Build.0 = Release|Any CPU
		{F03EC689-90D2-4DFF-8B51-85DCC95E11DF}.Debug|Any CPU.ActiveCfg = Debug|Any CPU
		{F03EC689-90D2-4DFF-8B51-85DCC95E11DF}.Debug|Any CPU.Build.0 = Debug|Any CPU
		{F03EC689-90D2-4DFF-8B51-85DCC95E11DF}.Release|Any CPU.ActiveCfg = Release|Any CPU
		{F03EC689-90D2-4DFF-8B51-85DCC95E11DF}.Release|Any CPU.Build.0 = Release|Any CPU
		{8D986CF8-5D67-42C3-84CE-2297AC1F6B92}.Debug|Any CPU.ActiveCfg = Debug|Any CPU
		{8D986CF8-5D67-42C3-84CE-2297AC1F6B92}.Debug|Any CPU.Build.0 = Debug|Any CPU
		{8D986CF8-5D67-42C3-84CE-2297AC1F6B92}.Release|Any CPU.ActiveCfg = Release|Any CPU
		{8D986CF8-5D67-42C3-84CE-2297AC1F6B92}.Release|Any CPU.Build.0 = Release|Any CPU
		{72BA776A-2DF0-4999-8645-EA4A9CE3D07E}.Debug|Any CPU.ActiveCfg = Debug|Any CPU
		{72BA776A-2DF0-4999-8645-EA4A9CE3D07E}.Debug|Any CPU.Build.0 = Debug|Any CPU
		{72BA776A-2DF0-4999-8645-EA4A9CE3D07E}.Release|Any CPU.ActiveCfg = Release|Any CPU
		{72BA776A-2DF0-4999-8645-EA4A9CE3D07E}.Release|Any CPU.Build.0 = Release|Any CPU
		{E5E1E761-F47A-42AD-B4F0-E4BA40FBF645}.Debug|Any CPU.ActiveCfg = Debug|Any CPU
		{E5E1E761-F47A-42AD-B4F0-E4BA40FBF645}.Debug|Any CPU.Build.0 = Debug|Any CPU
		{E5E1E761-F47A-42AD-B4F0-E4BA40FBF645}.Release|Any CPU.ActiveCfg = Release|Any CPU
		{E5E1E761-F47A-42AD-B4F0-E4BA40FBF645}.Release|Any CPU.Build.0 = Release|Any CPU
		{53AA30A6-FD9E-4631-B40B-93D8A5436B71}.Debug|Any CPU.ActiveCfg = Debug|Any CPU
		{53AA30A6-FD9E-4631-B40B-93D8A5436B71}.Debug|Any CPU.Build.0 = Debug|Any CPU
		{53AA30A6-FD9E-4631-B40B-93D8A5436B71}.Release|Any CPU.ActiveCfg = Release|Any CPU
		{53AA30A6-FD9E-4631-B40B-93D8A5436B71}.Release|Any CPU.Build.0 = Release|Any CPU
	EndGlobalSection
	GlobalSection(SolutionProperties) = preSolution
		HideSolutionNode = FALSE
	EndGlobalSection
	GlobalSection(NestedProjects) = preSolution
		{9722E215-3757-492B-967A-43520AC3D227} = {42C5803C-3146-4A41-996C-4EFD54A609C1}
		{2A48392E-3622-498C-94E5-98CD0A7C6136} = {42C5803C-3146-4A41-996C-4EFD54A609C1}
		{DBD62301-C710-4D77-98D4-D58251109DD7} = {42C5803C-3146-4A41-996C-4EFD54A609C1}
		{B8CE1477-BAA1-4A08-8A47-D8AE7EBF50A1} = {4E21D4A2-7F06-4381-B70E-96906B11A393}
		{5B3B43AA-A0D3-4004-81CC-DBE79A1EA73D} = {4E21D4A2-7F06-4381-B70E-96906B11A393}
		{7C4270FF-369E-468B-AC73-39081C5DC627} = {4E21D4A2-7F06-4381-B70E-96906B11A393}
		{E47F50BA-ACB1-4D03-A6C0-874CE1633F40} = {2D87BDD9-27C0-410C-9A86-F2D061A1E4B4}
		{F03EC689-90D2-4DFF-8B51-85DCC95E11DF} = {2D87BDD9-27C0-410C-9A86-F2D061A1E4B4}
		{8D986CF8-5D67-42C3-84CE-2297AC1F6B92} = {2D87BDD9-27C0-410C-9A86-F2D061A1E4B4}
		{72BA776A-2DF0-4999-8645-EA4A9CE3D07E} = {16E885CE-30FB-40F4-94C3-F05BB056D9F2}
		{E5E1E761-F47A-42AD-B4F0-E4BA40FBF645} = {16E885CE-30FB-40F4-94C3-F05BB056D9F2}
		{53AA30A6-FD9E-4631-B40B-93D8A5436B71} = {16E885CE-30FB-40F4-94C3-F05BB056D9F2}
	EndGlobalSection
	GlobalSection(ExtensibilityGlobals) = postSolution
		SolutionGuid = {9A3762C2-6B25-49A7-8B15-455DD9EC3769}
	EndGlobalSection
EndGlobal
