
Microsoft Visual Studio Solution File, Format Version 12.00
# Visual Studio Version 16
VisualStudioVersion = 16.0.33927.289
MinimumVisualStudioVersion = 10.0.40219.1
Project("{2150E333-8FDC-42A3-9474-1A3956D46DE8}") = "Task0", "Task0", "{42C5803C-3146-4A41-996C-4EFD54A609C1}"
EndProject
Project("{FAE04EC0-301F-11D3-BF4B-00C04F79EFBC}") = "Tyuiu.TolmachevVV.CS.Sprint1.Task0", "Tyuiu.TolmachevVV.CS.Sprint1.Task0\Tyuiu.TolmachevVV.CS.Sprint1.Task0.csproj", "{9722E215-3757-492B-967A-43520AC3D227}"
EndProject
Project("{FAE04EC0-301F-11D3-BF4B-00C04F79EFBC}") = "Tyuiu.TolmachevVV.CS.Sprint1.Task0.Lib", "Tyuiu.TolmachevVV.CS.Sprint1.Task0.Lib\Tyuiu.TolmachevVV.CS.Sprint1.Task0.Lib.csproj", "{2A48392E-3622-498C-94E5-98CD0A7C6136}"
EndProject
Project("{FAE04EC0-301F-11D3-BF4B-00C04F79EFBC}") = "Tyuiu.TolmachevVV.CS.Sprint1.Task0.Test", "Tyuiu.TolmachevVV.CS.Sprint1.Task0.Test\Tyuiu.TolmachevVV.CS.Sprint1.Task0.Test.csproj", "{DBD62301-C710-4D77-98D4-D58251109DD7}"
EndProject
Project("{2150E333-8FDC-42A3-9474-1A3956D46DE8}") = "Task1", "Task1", "{4E21D4A2-7F06-4381-B70E-96906B11A393}"
EndProject
Project("{FAE04EC0-301F-11D3-BF4B-00C04F79EFBC}") = "Tyuiu.TolmachevVV.CS.Sprint1.Task1", "Tyuiu.TolmachevVV.CS.Sprint1.Task1\Tyuiu.TolmachevVV.CS.Sprint1.Task1.csproj", "{B8CE1477-BAA1-4A08-8A47-D8AE7EBF50A1}"
EndProject
Project("{FAE04EC0-301F-11D3-BF4B-00C04F79EFBC}") = "Tyuiu.TolmachevVV.CS.Sprint1.Task1.Lib", "Tyuiu.TolmachevVV.CS.Sprint1.Task1.Lib\Tyuiu.TolmachevVV.CS.Sprint1.Task1.Lib.csproj", "{5B3B43AA-A0D3-4004-81CC-DBE79A1EA73D}"
EndProject
Project("{FAE04EC0-301F-11D3-BF4B-00C04F79EFBC}") = "Tyuiu.TolmachevVV.CS.Sprint1.Task1.Test", "Tyuiu.TolmachevVV.CS.Sprint1.Task1.Test\Tyuiu.TolmachevVV.CS.Sprint1.Task1.Test.csproj", "{7C4270FF-369E-468B-AC73-39081C5DC627}"
EndProject
Project("{2150E333-8FDC-42A3-9474-1A3956D46DE8}") = "Task2", "Task2", "{2D87BDD9-27C0-410C-9A86-F2D061A1E4B4}"
EndProject
Project("{FAE04EC0-301F-11D3-BF4B-00C04F79EFBC}") = "Tyuiu.TolmachevVV.CS.Sprint1.Task2.V14", "Tyuiu.TolmachevVV.CS.Sprint1.Task2.V14\Tyuiu.TolmachevVV.CS.Sprint1.Task2.V14.csproj", "{E47F50BA-ACB1-4D03-A6C0-874CE1633F40}"
EndProject
Project("{FAE04EC0-301F-11D3-BF4B-00C04F79EFBC}") = "Tyuiu.TolmachevVV.CS.Sprint1.Task2.V14.Lib", "Tyuiu.TolmachevVV.CS.Sprint1.Task2.V14.Lib\Tyuiu.TolmachevVV.CS.Sprint1.Task2.V14.Lib.csproj", "{F03EC689-90D2-4DFF-8B51-85DCC95E11DF}"
EndProject
Project("{FAE04EC0-301F-11D3-BF4B-00C04F79EFBC}") = "Tyuiu.TolmachevVV.CS.Sprint1.Task2.V14.Test", "Tyuiu.TolmachevVV.CS.Sprint1.Task2.V14.Test\Tyuiu.TolmachevVV.CS.Sprint1.Task2.V14.Test.csproj", "{8D986CF8-5D67-42C3-84CE-2297AC1F6B92}"
EndProject
Project("{2150E333-8FDC-42A3-9474-1A3956D46DE8}") = "Task3", "Task3", "{16E885CE-30FB-40F4-94C3-F05BB056D9F2}"
EndProject
Project("{FAE04EC0-301F-11D3-BF4B-00C04F79EFBC}") = "Tyuiu.TolmachevVV.CS.Sprint1.Task3.V5", "Tyuiu.TolmachevVV.CS.Sprint1.Task3.V5\Tyuiu.TolmachevVV.CS.Sprint1.Task3.V5.csproj", "{72BA776A-2DF0-4999-8645-EA4A9CE3D07E}"
EndProject
Project("{FAE04EC0-301F-11D3-BF4B-00C04F79EFBC}") = "Tyuiu.TolmachevVV.CS.Sprint1.Task3.V5.Lib", "Tyuiu.TolmachevVV.CS.Sprint1.Task3.V5.Lib\Tyuiu.TolmachevVV.CS.Sprint1.Task3.V5.Lib.csproj", "{E5E1E761-F47A-42AD-B4F0-E4BA40FBF645}"
EndProject
Project("{FAE04EC0-301F-11D3-BF4B-00C04F79EFBC}") = "Tyuiu.TolmachevVV.CS.Sprint1.Task3.V5.Test", "Tyuiu.TolmachevVV.CS.Sprint1.Task3.V5.Test\Tyuiu.TolmachevVV.CS.Sprint1.Task3.V5.Test.csproj", "{53AA30A6-FD9E-4631-B40B-93D8A5436B71}"
EndProject
Project("{2150E333-8FDC-42A3-9474-1A3956D46DE8}") = "Task4", "Task4", "{9314F914-CF9B-41E9-924E-1BCB4554BC4B}"
EndProject
Project("{FAE04EC0-301F-11D3-BF4B-00C04F79EFBC}") = "Tyuiu.TolmachevVV.CS.Sprint1.Task4.V15", "Tyuiu.TolmachevVV.CS.Sprint1.Task4.V15\Tyuiu.TolmachevVV.CS.Sprint1.Task4.V15.csproj", "{C6A612BD-1DA2-4DB1-8821-BC7A6CC71C67}"
EndProject
Project("{FAE04EC0-301F-11D3-BF4B-00C04F79EFBC}") = "Tyuiu.TolmachevVV.CS.Sprint1.Task4.V15.Lib", "Tyuiu.TolmachevVV.CS.Sprint1.Task4.V15.Lib\Tyuiu.TolmachevVV.CS.Sprint1.Task4.V15.Lib.csproj", "{41479111-DB6C-43F7-9170-C1F79D62B993}"
EndProject
Project("{FAE04EC0-301F-11D3-BF4B-00C04F79EFBC}") = "Tyuiu.TolmachevVV.CS.Sprint1.Task4.V15.Test", "Tyuiu.TolmachevVV.CS.Sprint1.Task4.V15.Test\Tyuiu.TolmachevVV.CS.Sprint1.Task4.V15.Test.csproj", "{27FA73EE-6672-4391-9504-317F6F435A24}"
EndProject
Project("{2150E333-8FDC-42A3-9474-1A3956D46DE8}") = "Task5", "Task5", "{FE993429-4615-45FB-8F75-D051905AFFB9}"
EndProject
Project("{FAE04EC0-301F-11D3-BF4B-00C04F79EFBC}") = "Tyuiu.TolmachevVV.CS.Sprint1.Task5.V7", "Tyuiu.TolmachevVV.CS.Sprint1.Task5.V7\Tyuiu.TolmachevVV.CS.Sprint1.Task5.V7.csproj", "{A692327D-A6E1-4B7A-B80E-64B2FF62A54F}"
EndProject
Project("{FAE04EC0-301F-11D3-BF4B-00C04F79EFBC}") = "Tyuiu.TolmachevVV.CS.Sprint1.Task5.V7.Lib", "Tyuiu.TolmachevVV.CS.Sprint1.Task5.V7.Lib\Tyuiu.TolmachevVV.CS.Sprint1.Task5.V7.Lib.csproj", "{8B05011F-256D-4D99-8BDF-CA7D866C36C8}"
EndProject
Project("{FAE04EC0-301F-11D3-BF4B-00C04F79EFBC}") = "Tyuiu.TolmachevVV.CS.Sprint1.Task5.V7.Test", "Tyuiu.TolmachevVV.CS.Sprint1.Task5.V7.Test\Tyuiu.TolmachevVV.CS.Sprint1.Task5.V7.Test.csproj", "{E72FAC32-5564-424B-956B-DA94EBF26531}"
EndProject
Project("{2150E333-8FDC-42A3-9474-1A3956D46DE8}") = "Task6", "Task6", "{71DB7CA5-C443-4600-9434-BD9CE16AF8BE}"
EndProject
Project("{FAE04EC0-301F-11D3-BF4B-00C04F79EFBC}") = "Tyuiu.TolmachevVV.CS.Sprint1.Task6.V3", "Tyuiu.TolmachevVV.CS.Sprint1.Task6.V3\Tyuiu.TolmachevVV.CS.Sprint1.Task6.V3.csproj", "{F789B651-D508-403E-AD4C-BD44C3FACB74}"
EndProject
Project("{FAE04EC0-301F-11D3-BF4B-00C04F79EFBC}") = "Tyuiu.TolmachevVV.CS.Sprint1.Task6.V3.Test", "Tyuiu.TolmachevVV.CS.Sprint1.Task6.V3.Test\Tyuiu.TolmachevVV.CS.Sprint1.Task6.V3.Test.csproj", "{8DBCBE35-4989-44A3-9048-10F2739EAA7A}"
EndProject
Project("{FAE04EC0-301F-11D3-BF4B-00C04F79EFBC}") = "Tyuiu.TolmachevVV.CS.Sprint1.Task6.V3.Lib", "Tyuiu.TolmachevVV.CS.Sprint1.Task6.V3.Lib\Tyuiu.TolmachevVV.CS.Sprint1.Task6.V3.Lib.csproj", "{0BB86C08-F411-474D-85F8-6E6448856F04}"
EndProject
Project("{2150E333-8FDC-42A3-9474-1A3956D46DE8}") = "Task7", "Task7", "{1BC3322D-83B8-43F5-8003-1184BD351D13}"
EndProject
Project("{FAE04EC0-301F-11D3-BF4B-00C04F79EFBC}") = "Tyuiu.TolmachevVV.CS.Sprint1.Task7.V2", "Tyuiu.TolmachevVV.CS.Sprint1.Task7.V2\Tyuiu.TolmachevVV.CS.Sprint1.Task7.V2.csproj", "{AE237972-5463-4EBD-B1E0-03C83541E984}"
EndProject
Project("{FAE04EC0-301F-11D3-BF4B-00C04F79EFBC}") = "Tyuiu.TolmachevVV.CS.Sprint1.Task7.V2.Lib", "Tyuiu.TolmachevVV.CS.Sprint1.Task7.V2.Lib\Tyuiu.TolmachevVV.CS.Sprint1.Task7.V2.Lib.csproj", "{CF1D8CAB-BE81-4049-8A60-25E6D37F82F7}"
EndProject
Project("{FAE04EC0-301F-11D3-BF4B-00C04F79EFBC}") = "Tyuiu.TolmachevVV.CS.Sprint1.Task7.V2.Test", "Tyuiu.TolmachevVV.CS.Sprint1.Task7.V2.Test\Tyuiu.TolmachevVV.CS.Sprint1.Task7.V2.Test.csproj", "{42401375-083E-4104-9CF8-E21D3EDB4AB9}"
EndProject
Global
	GlobalSection(SolutionConfigurationPlatforms) = preSolution
		Debug|Any CPU = Debug|Any CPU
		Release|Any CPU = Release|Any CPU
	EndGlobalSection
	GlobalSection(ProjectConfigurationPlatforms) = postSolution
		{9722E215-3757-492B-967A-43520AC3D227}.Debug|Any CPU.ActiveCfg = Debug|Any CPU
		{9722E215-3757-492B-967A-43520AC3D227}.Debug|Any CPU.Build.0 = Debug|Any CPU
		{9722E215-3757-492B-967A-43520AC3D227}.Release|Any CPU.ActiveCfg = Release|Any CPU
		{9722E215-3757-492B-967A-43520AC3D227}.Release|Any CPU.Build.0 = Release|Any CPU
		{2A48392E-3622-498C-94E5-98CD0A7C6136}.Debug|Any CPU.ActiveCfg = Debug|Any CPU
		{2A48392E-3622-498C-94E5-98CD0A7C6136}.Debug|Any CPU.Build.0 = Debug|Any CPU
		{2A48392E-3622-498C-94E5-98CD0A7C6136}.Release|Any CPU.ActiveCfg = Release|Any CPU
		{2A48392E-3622-498C-94E5-98CD0A7C6136}.Release|Any CPU.Build.0 = Release|Any CPU
		{DBD62301-C710-4D77-98D4-D58251109DD7}.Debug|Any CPU.ActiveCfg = Debug|Any CPU
		{DBD62301-C710-4D77-98D4-D58251109DD7}.Debug|Any CPU.Build.0 = Debug|Any CPU
		{DBD62301-C710-4D77-98D4-D58251109DD7}.Release|Any CPU.ActiveCfg = Release|Any CPU
		{DBD62301-C710-4D77-98D4-D58251109DD7}.Release|Any CPU.Build.0 = Release|Any CPU
		{B8CE1477-BAA1-4A08-8A47-D8AE7EBF50A1}.Debug|Any CPU.ActiveCfg = Debug|Any CPU
		{B8CE1477-BAA1-4A08-8A47-D8AE7EBF50A1}.Debug|Any CPU.Build.0 = Debug|Any CPU
		{B8CE1477-BAA1-4A08-8A47-D8AE7EBF50A1}.Release|Any CPU.ActiveCfg = Release|Any CPU
		{B8CE1477-BAA1-4A08-8A47-D8AE7EBF50A1}.Release|Any CPU.Build.0 = Release|Any CPU
		{5B3B43AA-A0D3-4004-81CC-DBE79A1EA73D}.Debug|Any CPU.ActiveCfg = Debug|Any CPU
		{5B3B43AA-A0D3-4004-81CC-DBE79A1EA73D}.Debug|Any CPU.Build.0 = Debug|Any CPU
		{5B3B43AA-A0D3-4004-81CC-DBE79A1EA73D}.Release|Any CPU.ActiveCfg = Release|Any CPU
		{5B3B43AA-A0D3-4004-81CC-DBE79A1EA73D}.Release|Any CPU.Build.0 = Release|Any CPU
		{7C4270FF-369E-468B-AC73-39081C5DC627}.Debug|Any CPU.ActiveCfg = Debug|Any CPU
		{7C4270FF-369E-468B-AC73-39081C5DC627}.Debug|Any CPU.Build.0 = Debug|Any CPU
		{7C4270FF-369E-468B-AC73-39081C5DC627}.Release|Any CPU.ActiveCfg = Release|Any CPU
		{7C4270FF-369E-468B-AC73-39081C5DC627}.Release|Any CPU.Build.0 = Release|Any CPU
		{E47F50BA-ACB1-4D03-A6C0-874CE1633F40}.Debug|Any CPU.ActiveCfg = Debug|Any CPU
		{E47F50BA-ACB1-4D03-A6C0-874CE1633F40}.Debug|Any CPU.Build.0 = Debug|Any CPU
		{E47F50BA-ACB1-4D03-A6C0-874CE1633F40}.Release|Any CPU.ActiveCfg = Release|Any CPU
		{E47F50BA-ACB1-4D03-A6C0-874CE1633F40}.Release|Any CPU.Build.0 = Release|Any CPU
		{F03EC689-90D2-4DFF-8B51-85DCC95E11DF}.Debug|Any CPU.ActiveCfg = Debug|Any CPU
		{F03EC689-90D2-4DFF-8B51-85DCC95E11DF}.Debug|Any CPU.Build.0 = Debug|Any CPU
		{F03EC689-90D2-4DFF-8B51-85DCC95E11DF}.Release|Any CPU.ActiveCfg = Release|Any CPU
		{F03EC689-90D2-4DFF-8B51-85DCC95E11DF}.Release|Any CPU.Build.0 = Release|Any CPU
		{8D986CF8-5D67-42C3-84CE-2297AC1F6B92}.Debug|Any CPU.ActiveCfg = Debug|Any CPU
		{8D986CF8-5D67-42C3-84CE-2297AC1F6B92}.Debug|Any CPU.Build.0 = Debug|Any CPU
		{8D986CF8-5D67-42C3-84CE-2297AC1F6B92}.Release|Any CPU.ActiveCfg = Release|Any CPU
		{8D986CF8-5D67-42C3-84CE-2297AC1F6B92}.Release|Any CPU.Build.0 = Release|Any CPU
		{72BA776A-2DF0-4999-8645-EA4A9CE3D07E}.Debug|Any CPU.ActiveCfg = Debug|Any CPU
		{72BA776A-2DF0-4999-8645-EA4A9CE3D07E}.Debug|Any CPU.Build.0 = Debug|Any CPU
		{72BA776A-2DF0-4999-8645-EA4A9CE3D07E}.Release|Any CPU.ActiveCfg = Release|Any CPU
		{72BA776A-2DF0-4999-8645-EA4A9CE3D07E}.Release|Any CPU.Build.0 = Release|Any CPU
		{E5E1E761-F47A-42AD-B4F0-E4BA40FBF645}.Debug|Any CPU.ActiveCfg = Debug|Any CPU
		{E5E1E761-F47A-42AD-B4F0-E4BA40FBF645}.Debug|Any CPU.Build.0 = Debug|Any CPU
		{E5E1E761-F47A-42AD-B4F0-E4BA40FBF645}.Release|Any CPU.ActiveCfg = Release|Any CPU
		{E5E1E761-F47A-42AD-B4F0-E4BA40FBF645}.Release|Any CPU.Build.0 = Release|Any CPU
		{53AA30A6-FD9E-4631-B40B-93D8A5436B71}.Debug|Any CPU.ActiveCfg = Debug|Any CPU
		{53AA30A6-FD9E-4631-B40B-93D8A5436B71}.Debug|Any CPU.Build.0 = Debug|Any CPU
		{53AA30A6-FD9E-4631-B40B-93D8A5436B71}.Release|Any CPU.ActiveCfg = Release|Any CPU
		{53AA30A6-FD9E-4631-B40B-93D8A5436B71}.Release|Any CPU.Build.0 = Release|Any CPU
		{C6A612BD-1DA2-4DB1-8821-BC7A6CC71C67}.Debug|Any CPU.ActiveCfg = Debug|Any CPU
		{C6A612BD-1DA2-4DB1-8821-BC7A6CC71C67}.Debug|Any CPU.Build.0 = Debug|Any CPU
		{C6A612BD-1DA2-4DB1-8821-BC7A6CC71C67}.Release|Any CPU.ActiveCfg = Release|Any CPU
		{C6A612BD-1DA2-4DB1-8821-BC7A6CC71C67}.Release|Any CPU.Build.0 = Release|Any CPU
		{41479111-DB6C-43F7-9170-C1F79D62B993}.Debug|Any CPU.ActiveCfg = Debug|Any CPU
		{41479111-DB6C-43F7-9170-C1F79D62B993}.Debug|Any CPU.Build.0 = Debug|Any CPU
		{41479111-DB6C-43F7-9170-C1F79D62B993}.Release|Any CPU.ActiveCfg = Release|Any CPU
		{41479111-DB6C-43F7-9170-C1F79D62B993}.Release|Any CPU.Build.0 = Release|Any CPU
		{27FA73EE-6672-4391-9504-317F6F435A24}.Debug|Any CPU.ActiveCfg = Debug|Any CPU
		{27FA73EE-6672-4391-9504-317F6F435A24}.Debug|Any CPU.Build.0 = Debug|Any CPU
		{27FA73EE-6672-4391-9504-317F6F435A24}.Release|Any CPU.ActiveCfg = Release|Any CPU
		{27FA73EE-6672-4391-9504-317F6F435A24}.Release|Any CPU.Build.0 = Release|Any CPU
		{A692327D-A6E1-4B7A-B80E-64B2FF62A54F}.Debug|Any CPU.ActiveCfg = Debug|Any CPU
		{A692327D-A6E1-4B7A-B80E-64B2FF62A54F}.Debug|Any CPU.Build.0 = Debug|Any CPU
		{A692327D-A6E1-4B7A-B80E-64B2FF62A54F}.Release|Any CPU.ActiveCfg = Release|Any CPU
		{A692327D-A6E1-4B7A-B80E-64B2FF62A54F}.Release|Any CPU.Build.0 = Release|Any CPU
		{8B05011F-256D-4D99-8BDF-CA7D866C36C8}.Debug|Any CPU.ActiveCfg = Debug|Any CPU
		{8B05011F-256D-4D99-8BDF-CA7D866C36C8}.Debug|Any CPU.Build.0 = Debug|Any CPU
		{8B05011F-256D-4D99-8BDF-CA7D866C36C8}.Release|Any CPU.ActiveCfg = Release|Any CPU
		{8B05011F-256D-4D99-8BDF-CA7D866C36C8}.Release|Any CPU.Build.0 = Release|Any CPU
		{E72FAC32-5564-424B-956B-DA94EBF26531}.Debug|Any CPU.ActiveCfg = Debug|Any CPU
		{E72FAC32-5564-424B-956B-DA94EBF26531}.Debug|Any CPU.Build.0 = Debug|Any CPU
		{E72FAC32-5564-424B-956B-DA94EBF26531}.Release|Any CPU.ActiveCfg = Release|Any CPU
		{E72FAC32-5564-424B-956B-DA94EBF26531}.Release|Any CPU.Build.0 = Release|Any CPU
		{F789B651-D508-403E-AD4C-BD44C3FACB74}.Debug|Any CPU.ActiveCfg = Debug|Any CPU
		{F789B651-D508-403E-AD4C-BD44C3FACB74}.Debug|Any CPU.Build.0 = Debug|Any CPU
		{F789B651-D508-403E-AD4C-BD44C3FACB74}.Release|Any CPU.ActiveCfg = Release|Any CPU
		{F789B651-D508-403E-AD4C-BD44C3FACB74}.Release|Any CPU.Build.0 = Release|Any CPU
		{8DBCBE35-4989-44A3-9048-10F2739EAA7A}.Debug|Any CPU.ActiveCfg = Debug|Any CPU
		{8DBCBE35-4989-44A3-9048-10F2739EAA7A}.Debug|Any CPU.Build.0 = Debug|Any CPU
		{8DBCBE35-4989-44A3-9048-10F2739EAA7A}.Release|Any CPU.ActiveCfg = Release|Any CPU
		{8DBCBE35-4989-44A3-9048-10F2739EAA7A}.Release|Any CPU.Build.0 = Release|Any CPU
		{0BB86C08-F411-474D-85F8-6E6448856F04}.Debug|Any CPU.ActiveCfg = Debug|Any CPU
		{0BB86C08-F411-474D-85F8-6E6448856F04}.Debug|Any CPU.Build.0 = Debug|Any CPU
		{0BB86C08-F411-474D-85F8-6E6448856F04}.Release|Any CPU.ActiveCfg = Release|Any CPU
		{0BB86C08-F411-474D-85F8-6E6448856F04}.Release|Any CPU.Build.0 = Release|Any CPU
		{AE237972-5463-4EBD-B1E0-03C83541E984}.Debug|Any CPU.ActiveCfg = Debug|Any CPU
		{AE237972-5463-4EBD-B1E0-03C83541E984}.Debug|Any CPU.Build.0 = Debug|Any CPU
		{AE237972-5463-4EBD-B1E0-03C83541E984}.Release|Any CPU.ActiveCfg = Release|Any CPU
		{AE237972-5463-4EBD-B1E0-03C83541E984}.Release|Any CPU.Build.0 = Release|Any CPU
		{CF1D8CAB-BE81-4049-8A60-25E6D37F82F7}.Debug|Any CPU.ActiveCfg = Debug|Any CPU
		{CF1D8CAB-BE81-4049-8A60-25E6D37F82F7}.Debug|Any CPU.Build.0 = Debug|Any CPU
		{CF1D8CAB-BE81-4049-8A60-25E6D37F82F7}.Release|Any CPU.ActiveCfg = Release|Any CPU
		{CF1D8CAB-BE81-4049-8A60-25E6D37F82F7}.Release|Any CPU.Build.0 = Release|Any CPU
		{42401375-083E-4104-9CF8-E21D3EDB4AB9}.Debug|Any CPU.ActiveCfg = Debug|Any CPU
		{42401375-083E-4104-9CF8-E21D3EDB4AB9}.Debug|Any CPU.Build.0 = Debug|Any CPU
		{42401375-083E-4104-9CF8-E21D3EDB4AB9}.Release|Any CPU.ActiveCfg = Release|Any CPU
		{42401375-083E-4104-9CF8-E21D3EDB4AB9}.Release|Any CPU.Build.0 = Release|Any CPU
	EndGlobalSection
	GlobalSection(SolutionProperties) = preSolution
		HideSolutionNode = FALSE
	EndGlobalSection
	GlobalSection(NestedProjects) = preSolution
		{9722E215-3757-492B-967A-43520AC3D227} = {42C5803C-3146-4A41-996C-4EFD54A609C1}
		{2A48392E-3622-498C-94E5-98CD0A7C6136} = {42C5803C-3146-4A41-996C-4EFD54A609C1}
		{DBD62301-C710-4D77-98D4-D58251109DD7} = {42C5803C-3146-4A41-996C-4EFD54A609C1}
		{B8CE1477-BAA1-4A08-8A47-D8AE7EBF50A1} = {4E21D4A2-7F06-4381-B70E-96906B11A393}
		{5B3B43AA-A0D3-4004-81CC-DBE79A1EA73D} = {4E21D4A2-7F06-4381-B70E-96906B11A393}
		{7C4270FF-369E-468B-AC73-39081C5DC627} = {4E21D4A2-7F06-4381-B70E-96906B11A393}
		{E47F50BA-ACB1-4D03-A6C0-874CE1633F40} = {2D87BDD9-27C0-410C-9A86-F2D061A1E4B4}
		{F03EC689-90D2-4DFF-8B51-85DCC95E11DF} = {2D87BDD9-27C0-410C-9A86-F2D061A1E4B4}
		{8D986CF8-5D67-42C3-84CE-2297AC1F6B92} = {2D87BDD9-27C0-410C-9A86-F2D061A1E4B4}
		{72BA776A-2DF0-4999-8645-EA4A9CE3D07E} = {16E885CE-30FB-40F4-94C3-F05BB056D9F2}
		{E5E1E761-F47A-42AD-B4F0-E4BA40FBF645} = {16E885CE-30FB-40F4-94C3-F05BB056D9F2}
		{53AA30A6-FD9E-4631-B40B-93D8A5436B71} = {16E885CE-30FB-40F4-94C3-F05BB056D9F2}
		{C6A612BD-1DA2-4DB1-8821-BC7A6CC71C67} = {9314F914-CF9B-41E9-924E-1BCB4554BC4B}
		{41479111-DB6C-43F7-9170-C1F79D62B993} = {9314F914-CF9B-41E9-924E-1BCB4554BC4B}
		{27FA73EE-6672-4391-9504-317F6F435A24} = {9314F914-CF9B-41E9-924E-1BCB4554BC4B}
		{A692327D-A6E1-4B7A-B80E-64B2FF62A54F} = {FE993429-4615-45FB-8F75-D051905AFFB9}
		{8B05011F-256D-4D99-8BDF-CA7D866C36C8} = {FE993429-4615-45FB-8F75-D051905AFFB9}
		{E72FAC32-5564-424B-956B-DA94EBF26531} = {FE993429-4615-45FB-8F75-D051905AFFB9}
		{F789B651-D508-403E-AD4C-BD44C3FACB74} = {71DB7CA5-C443-4600-9434-BD9CE16AF8BE}
		{8DBCBE35-4989-44A3-9048-10F2739EAA7A} = {71DB7CA5-C443-4600-9434-BD9CE16AF8BE}
		{0BB86C08-F411-474D-85F8-6E6448856F04} = {71DB7CA5-C443-4600-9434-BD9CE16AF8BE}
		{AE237972-5463-4EBD-B1E0-03C83541E984} = {1BC3322D-83B8-43F5-8003-1184BD351D13}
		{CF1D8CAB-BE81-4049-8A60-25E6D37F82F7} = {1BC3322D-83B8-43F5-8003-1184BD351D13}
		{42401375-083E-4104-9CF8-E21D3EDB4AB9} = {1BC3322D-83B8-43F5-8003-1184BD351D13}
	EndGlobalSection
	GlobalSection(ExtensibilityGlobals) = postSolution
		SolutionGuid = {9A3762C2-6B25-49A7-8B15-455DD9EC3769}
	EndGlobalSection
EndGlobal
